
Microsoft Visual Studio Solution File, Format Version 12.00
# Visual Studio Version 17
VisualStudioVersion = 17.11.35312.102
MinimumVisualStudioVersion = 10.0.40219.1
Project("{9A19103F-16F7-4668-BE54-9A1E7A4F7556}") = "Model3dViewerTest", "Model3dViewerTest\Model3dViewerTest.csproj", "{2D2B5307-C556-4CED-981F-DC53DAEFAC63}"
EndProject
Global
	GlobalSection(SolutionConfigurationPlatforms) = preSolution
		Debug|Any CPU = Debug|Any CPU
		Release|Any CPU = Release|Any CPU
	EndGlobalSection
	GlobalSection(ProjectConfigurationPlatforms) = postSolution
		{2D2B5307-C556-4CED-981F-DC53DAEFAC63}.Debug|Any CPU.ActiveCfg = Debug|Any CPU
		{2D2B5307-C556-4CED-981F-DC53DAEFAC63}.Debug|Any CPU.Build.0 = Debug|Any CPU
		{2D2B5307-C556-4CED-981F-DC53DAEFAC63}.Release|Any CPU.ActiveCfg = Release|Any CPU
		{2D2B5307-C556-4CED-981F-DC53DAEFAC63}.Release|Any CPU.Build.0 = Release|Any CPU
	EndGlobalSection
	GlobalSection(SolutionProperties) = preSolution
		HideSolutionNode = FALSE
	EndGlobalSection
	GlobalSection(ExtensibilityGlobals) = postSolution
		SolutionGuid = {3CC605D8-3530-43BF-8B9F-DCE7ABD5EAEF}
	EndGlobalSection
EndGlobal
